// !$*UTF8*$!
{
	archiveVersion = 1;
	classes = {
	};
	objectVersion = 55;
	objects = {

/* Begin PBXBuildFile section */
		A22F44D827B5928600A59974 /* SnapKit in Frameworks */ = {isa = PBXBuildFile; productRef = A22F44D727B5928600A59974 /* SnapKit */; };
		A22F44DB27B5937B00A59974 /* UIEdgeInsets+Ex.swift in Sources */ = {isa = PBXBuildFile; fileRef = A22F44DA27B5937B00A59974 /* UIEdgeInsets+Ex.swift */; };
		A22F44DD27B5A38A00A59974 /* Networking.swift in Sources */ = {isa = PBXBuildFile; fileRef = A22F44DC27B5A38A00A59974 /* Networking.swift */; };
		A23D826427B4FEE000CA12C9 /* AppDelegate.swift in Sources */ = {isa = PBXBuildFile; fileRef = A23D826327B4FEE000CA12C9 /* AppDelegate.swift */; };
		A23D826D27B4FEE200CA12C9 /* Assets.xcassets in Resources */ = {isa = PBXBuildFile; fileRef = A23D826C27B4FEE200CA12C9 /* Assets.xcassets */; };
		A23D827027B4FEE200CA12C9 /* LaunchScreen.storyboard in Resources */ = {isa = PBXBuildFile; fileRef = A23D826E27B4FEE200CA12C9 /* LaunchScreen.storyboard */; };
		A23D828527B584D900CA12C9 /* ViewController.swift in Sources */ = {isa = PBXBuildFile; fileRef = A23D828427B584D900CA12C9 /* ViewController.swift */; };
		A23D828827B58A5300CA12C9 /* SignViewModel.swift in Sources */ = {isa = PBXBuildFile; fileRef = A23D828727B58A5300CA12C9 /* SignViewModel.swift */; };
		A23D828A27B58B1B00CA12C9 /* ViewModel.swift in Sources */ = {isa = PBXBuildFile; fileRef = A23D828927B58B1B00CA12C9 /* ViewModel.swift */; };
/* End PBXBuildFile section */

/* Begin PBXFileReference section */
		A22F44DA27B5937B00A59974 /* UIEdgeInsets+Ex.swift */ = {isa = PBXFileReference; lastKnownFileType = sourcecode.swift; path = "UIEdgeInsets+Ex.swift"; sourceTree = "<group>"; };
		A22F44DC27B5A38A00A59974 /* Networking.swift */ = {isa = PBXFileReference; lastKnownFileType = sourcecode.swift; path = Networking.swift; sourceTree = "<group>"; };
		A23D826027B4FEE000CA12C9 /* SimpleMVVM.app */ = {isa = PBXFileReference; explicitFileType = wrapper.application; includeInIndex = 0; path = SimpleMVVM.app; sourceTree = BUILT_PRODUCTS_DIR; };
		A23D826327B4FEE000CA12C9 /* AppDelegate.swift */ = {isa = PBXFileReference; lastKnownFileType = sourcecode.swift; path = AppDelegate.swift; sourceTree = "<group>"; };
		A23D826C27B4FEE200CA12C9 /* Assets.xcassets */ = {isa = PBXFileReference; lastKnownFileType = folder.assetcatalog; path = Assets.xcassets; sourceTree = "<group>"; };
		A23D826F27B4FEE200CA12C9 /* Base */ = {isa = PBXFileReference; lastKnownFileType = file.storyboard; name = Base; path = Base.lproj/LaunchScreen.storyboard; sourceTree = "<group>"; };
		A23D827127B4FEE200CA12C9 /* Info.plist */ = {isa = PBXFileReference; lastKnownFileType = text.plist.xml; path = Info.plist; sourceTree = "<group>"; };
		A23D828427B584D900CA12C9 /* ViewController.swift */ = {isa = PBXFileReference; lastKnownFileType = sourcecode.swift; path = ViewController.swift; sourceTree = "<group>"; };
		A23D828727B58A5300CA12C9 /* SignViewModel.swift */ = {isa = PBXFileReference; lastKnownFileType = sourcecode.swift; path = SignViewModel.swift; sourceTree = "<group>"; };
		A23D828927B58B1B00CA12C9 /* ViewModel.swift */ = {isa = PBXFileReference; lastKnownFileType = sourcecode.swift; path = ViewModel.swift; sourceTree = "<group>"; };
/* End PBXFileReference section */

/* Begin PBXFrameworksBuildPhase section */
		A23D825D27B4FEDF00CA12C9 /* Frameworks */ = {
			isa = PBXFrameworksBuildPhase;
			buildActionMask = 2147483647;
			files = (
				A22F44D827B5928600A59974 /* SnapKit in Frameworks */,
			);
			runOnlyForDeploymentPostprocessing = 0;
		};
/* End PBXFrameworksBuildPhase section */

/* Begin PBXGroup section */
		A22F44D927B5935D00A59974 /* Extentions */ = {
			isa = PBXGroup;
			children = (
				A22F44DA27B5937B00A59974 /* UIEdgeInsets+Ex.swift */,
			);
			path = Extentions;
			sourceTree = "<group>";
		};
		A23D825727B4FEDF00CA12C9 = {
			isa = PBXGroup;
			children = (
				A23D826227B4FEE000CA12C9 /* SimpleMVVM */,
				A23D826127B4FEE000CA12C9 /* Products */,
			);
			sourceTree = "<group>";
		};
		A23D826127B4FEE000CA12C9 /* Products */ = {
			isa = PBXGroup;
			children = (
				A23D826027B4FEE000CA12C9 /* SimpleMVVM.app */,
			);
			name = Products;
			sourceTree = "<group>";
		};
		A23D826227B4FEE000CA12C9 /* SimpleMVVM */ = {
			isa = PBXGroup;
			children = (
				A22F44D927B5935D00A59974 /* Extentions */,
				A23D828627B58A2900CA12C9 /* Protocols */,
				A23D828027B5027100CA12C9 /* ViewControllers */,
				A23D827D27B5019A00CA12C9 /* Models */,
				A23D827727B5011200CA12C9 /* API Service */,
				A23D827A27B5016600CA12C9 /* ViewModels */,
				A23D826327B4FEE000CA12C9 /* AppDelegate.swift */,
				A23D826C27B4FEE200CA12C9 /* Assets.xcassets */,
				A23D826E27B4FEE200CA12C9 /* LaunchScreen.storyboard */,
				A23D827127B4FEE200CA12C9 /* Info.plist */,
			);
			path = SimpleMVVM;
			sourceTree = "<group>";
		};
		A23D827727B5011200CA12C9 /* API Service */ = {
			isa = PBXGroup;
			children = (
				A22F44DC27B5A38A00A59974 /* Networking.swift */,
			);
			path = "API Service";
			sourceTree = "<group>";
		};
		A23D827A27B5016600CA12C9 /* ViewModels */ = {
			isa = PBXGroup;
			children = (
				A23D828927B58B1B00CA12C9 /* ViewModel.swift */,
			);
			path = ViewModels;
			sourceTree = "<group>";
		};
		A23D827D27B5019A00CA12C9 /* Models */ = {
			isa = PBXGroup;
			children = (
			);
			path = Models;
			sourceTree = "<group>";
		};
		A23D828027B5027100CA12C9 /* ViewControllers */ = {
			isa = PBXGroup;
			children = (
				A23D828427B584D900CA12C9 /* ViewController.swift */,
			);
			path = ViewControllers;
			sourceTree = "<group>";
		};
		A23D828627B58A2900CA12C9 /* Protocols */ = {
			isa = PBXGroup;
			children = (
				A23D828727B58A5300CA12C9 /* SignViewModel.swift */,
			);
			path = Protocols;
			sourceTree = "<group>";
		};
/* End PBXGroup section */

/* Begin PBXNativeTarget section */
		A23D825F27B4FEDF00CA12C9 /* SimpleMVVM */ = {
			isa = PBXNativeTarget;
			buildConfigurationList = A23D827427B4FEE200CA12C9 /* Build configuration list for PBXNativeTarget "SimpleMVVM" */;
			buildPhases = (
				A23D825C27B4FEDF00CA12C9 /* Sources */,
				A23D825D27B4FEDF00CA12C9 /* Frameworks */,
				A23D825E27B4FEDF00CA12C9 /* Resources */,
			);
			buildRules = (
			);
			dependencies = (
			);
			name = SimpleMVVM;
			packageProductDependencies = (
				A22F44D727B5928600A59974 /* SnapKit */,
			);
			productName = SimpleMVVM;
			productReference = A23D826027B4FEE000CA12C9 /* SimpleMVVM.app */;
			productType = "com.apple.product-type.application";
		};
/* End PBXNativeTarget section */

/* Begin PBXProject section */
		A23D825827B4FEDF00CA12C9 /* Project object */ = {
			isa = PBXProject;
			attributes = {
				BuildIndependentTargetsInParallel = 1;
				LastSwiftUpdateCheck = 1300;
				LastUpgradeCheck = 1300;
				TargetAttributes = {
					A23D825F27B4FEDF00CA12C9 = {
						CreatedOnToolsVersion = 13.0;
					};
				};
			};
			buildConfigurationList = A23D825B27B4FEDF00CA12C9 /* Build configuration list for PBXProject "SimpleMVVM" */;
			compatibilityVersion = "Xcode 13.0";
			developmentRegion = en;
			hasScannedForEncodings = 0;
			knownRegions = (
				en,
				Base,
			);
			mainGroup = A23D825727B4FEDF00CA12C9;
			packageReferences = (
				A22F44D627B5928600A59974 /* XCRemoteSwiftPackageReference "SnapKit" */,
			);
			productRefGroup = A23D826127B4FEE000CA12C9 /* Products */;
			projectDirPath = "";
			projectRoot = "";
			targets = (
				A23D825F27B4FEDF00CA12C9 /* SimpleMVVM */,
			);
		};
/* End PBXProject section */

/* Begin PBXResourcesBuildPhase section */
		A23D825E27B4FEDF00CA12C9 /* Resources */ = {
			isa = PBXResourcesBuildPhase;
			buildActionMask = 2147483647;
			files = (
				A23D827027B4FEE200CA12C9 /* LaunchScreen.storyboard in Resources */,
				A23D826D27B4FEE200CA12C9 /* Assets.xcassets in Resources */,
			);
			runOnlyForDeploymentPostprocessing = 0;
		};
/* End PBXResourcesBuildPhase section */

/* Begin PBXSourcesBuildPhase section */
		A23D825C27B4FEDF00CA12C9 /* Sources */ = {
			isa = PBXSourcesBuildPhase;
			buildActionMask = 2147483647;
			files = (
				A23D828527B584D900CA12C9 /* ViewController.swift in Sources */,
				A23D826427B4FEE000CA12C9 /* AppDelegate.swift in Sources */,
				A23D828A27B58B1B00CA12C9 /* ViewModel.swift in Sources */,
				A22F44DD27B5A38A00A59974 /* Networking.swift in Sources */,
				A23D828827B58A5300CA12C9 /* SignViewModel.swift in Sources */,
				A22F44DB27B5937B00A59974 /* UIEdgeInsets+Ex.swift in Sources */,
			);
			runOnlyForDeploymentPostprocessing = 0;
		};
/* End PBXSourcesBuildPhase section */

/* Begin PBXVariantGroup section */
		A23D826E27B4FEE200CA12C9 /* LaunchScreen.storyboard */ = {
			isa = PBXVariantGroup;
			children = (
				A23D826F27B4FEE200CA12C9 /* Base */,
			);
			name = LaunchScreen.storyboard;
			sourceTree = "<group>";
		};
/* End PBXVariantGroup section */

/* Begin XCBuildConfiguration section */
		A23D827227B4FEE200CA12C9 /* Debug */ = {
			isa = XCBuildConfiguration;
			buildSettings = {
				ALWAYS_SEARCH_USER_PATHS = NO;
				CLANG_ANALYZER_NONNULL = YES;
				CLANG_ANALYZER_NUMBER_OBJECT_CONVERSION = YES_AGGRESSIVE;
				CLANG_CXX_LANGUAGE_STANDARD = "gnu++17";
				CLANG_CXX_LIBRARY = "libc++";
				CLANG_ENABLE_MODULES = YES;
				CLANG_ENABLE_OBJC_ARC = YES;
				CLANG_ENABLE_OBJC_WEAK = YES;
				CLANG_WARN_BLOCK_CAPTURE_AUTORELEASING = YES;
				CLANG_WARN_BOOL_CONVERSION = YES;
				CLANG_WARN_COMMA = YES;
				CLANG_WARN_CONSTANT_CONVERSION = YES;
				CLANG_WARN_DEPRECATED_OBJC_IMPLEMENTATIONS = YES;
				CLANG_WARN_DIRECT_OBJC_ISA_USAGE = YES_ERROR;
				CLANG_WARN_DOCUMENTATION_COMMENTS = YES;
				CLANG_WARN_EMPTY_BODY = YES;
				CLANG_WARN_ENUM_CONVERSION = YES;
				CLANG_WARN_INFINITE_RECURSION = YES;
				CLANG_WARN_INT_CONVERSION = YES;
				CLANG_WARN_NON_LITERAL_NULL_CONVERSION = YES;
				CLANG_WARN_OBJC_IMPLICIT_RETAIN_SELF = YES;
				CLANG_WARN_OBJC_LITERAL_CONVERSION = YES;
				CLANG_WARN_OBJC_ROOT_CLASS = YES_ERROR;
				CLANG_WARN_QUOTED_INCLUDE_IN_FRAMEWORK_HEADER = YES;
				CLANG_WARN_RANGE_LOOP_ANALYSIS = YES;
				CLANG_WARN_STRICT_PROTOTYPES = YES;
				CLANG_WARN_SUSPICIOUS_MOVE = YES;
				CLANG_WARN_UNGUARDED_AVAILABILITY = YES_AGGRESSIVE;
				CLANG_WARN_UNREACHABLE_CODE = YES;
				CLANG_WARN__DUPLICATE_METHOD_MATCH = YES;
				COPY_PHASE_STRIP = NO;
				DEBUG_INFORMATION_FORMAT = dwarf;
				ENABLE_STRICT_OBJC_MSGSEND = YES;
				ENABLE_TESTABILITY = YES;
				GCC_C_LANGUAGE_STANDARD = gnu11;
				GCC_DYNAMIC_NO_PIC = NO;
				GCC_NO_COMMON_BLOCKS = YES;
				GCC_OPTIMIZATION_LEVEL = 0;
				GCC_PREPROCESSOR_DEFINITIONS = (
					"DEBUG=1",
					"$(inherited)",
				);
				GCC_WARN_64_TO_32_BIT_CONVERSION = YES;
				GCC_WARN_ABOUT_RETURN_TYPE = YES_ERROR;
				GCC_WARN_UNDECLARED_SELECTOR = YES;
				GCC_WARN_UNINITIALIZED_AUTOS = YES_AGGRESSIVE;
				GCC_WARN_UNUSED_FUNCTION = YES;
				GCC_WARN_UNUSED_VARIABLE = YES;
				IPHONEOS_DEPLOYMENT_TARGET = 15.0;
				MTL_ENABLE_DEBUG_INFO = INCLUDE_SOURCE;
				MTL_FAST_MATH = YES;
				ONLY_ACTIVE_ARCH = YES;
				SDKROOT = iphoneos;
				SWIFT_ACTIVE_COMPILATION_CONDITIONS = DEBUG;
				SWIFT_OPTIMIZATION_LEVEL = "-Onone";
			};
			name = Debug;
		};
		A23D827327B4FEE200CA12C9 /* Release */ = {
			isa = XCBuildConfiguration;
			buildSettings = {
				ALWAYS_SEARCH_USER_PATHS = NO;
				CLANG_ANALYZER_NONNULL = YES;
				CLANG_ANALYZER_NUMBER_OBJECT_CONVERSION = YES_AGGRESSIVE;
				CLANG_CXX_LANGUAGE_STANDARD = "gnu++17";
				CLANG_CXX_LIBRARY = "libc++";
				CLANG_ENABLE_MODULES = YES;
				CLANG_ENABLE_OBJC_ARC = YES;
				CLANG_ENABLE_OBJC_WEAK = YES;
				CLANG_WARN_BLOCK_CAPTURE_AUTORELEASING = YES;
				CLANG_WARN_BOOL_CONVERSION = YES;
				CLANG_WARN_COMMA = YES;
				CLANG_WARN_CONSTANT_CONVERSION = YES;
				CLANG_WARN_DEPRECATED_OBJC_IMPLEMENTATIONS = YES;
				CLANG_WARN_DIRECT_OBJC_ISA_USAGE = YES_ERROR;
				CLANG_WARN_DOCUMENTATION_COMMENTS = YES;
				CLANG_WARN_EMPTY_BODY = YES;
				CLANG_WARN_ENUM_CONVERSION = YES;
				CLANG_WARN_INFINITE_RECURSION = YES;
				CLANG_WARN_INT_CONVERSION = YES;
				CLANG_WARN_NON_LITERAL_NULL_CONVERSION = YES;
				CLANG_WARN_OBJC_IMPLICIT_RETAIN_SELF = YES;
				CLANG_WARN_OBJC_LITERAL_CONVERSION = YES;
				CLANG_WARN_OBJC_ROOT_CLASS = YES_ERROR;
				CLANG_WARN_QUOTED_INCLUDE_IN_FRAMEWORK_HEADER = YES;
				CLANG_WARN_RANGE_LOOP_ANALYSIS = YES;
				CLANG_WARN_STRICT_PROTOTYPES = YES;
				CLANG_WARN_SUSPICIOUS_MOVE = YES;
				CLANG_WARN_UNGUARDED_AVAILABILITY = YES_AGGRESSIVE;
				CLANG_WARN_UNREACHABLE_CODE = YES;
				CLANG_WARN__DUPLICATE_METHOD_MATCH = YES;
				COPY_PHASE_STRIP = NO;
				DEBUG_INFORMATION_FORMAT = "dwarf-with-dsym";
				ENABLE_NS_ASSERTIONS = NO;
				ENABLE_STRICT_OBJC_MSGSEND = YES;
				GCC_C_LANGUAGE_STANDARD = gnu11;
				GCC_NO_COMMON_BLOCKS = YES;
				GCC_WARN_64_TO_32_BIT_CONVERSION = YES;
				GCC_WARN_ABOUT_RETURN_TYPE = YES_ERROR;
				GCC_WARN_UNDECLARED_SELECTOR = YES;
				GCC_WARN_UNINITIALIZED_AUTOS = YES_AGGRESSIVE;
				GCC_WARN_UNUSED_FUNCTION = YES;
				GCC_WARN_UNUSED_VARIABLE = YES;
				IPHONEOS_DEPLOYMENT_TARGET = 15.0;
				MTL_ENABLE_DEBUG_INFO = NO;
				MTL_FAST_MATH = YES;
				SDKROOT = iphoneos;
				SWIFT_COMPILATION_MODE = wholemodule;
				SWIFT_OPTIMIZATION_LEVEL = "-O";
				VALIDATE_PRODUCT = YES;
			};
			name = Release;
		};
		A23D827527B4FEE200CA12C9 /* Debug */ = {
			isa = XCBuildConfiguration;
			buildSettings = {
				ASSETCATALOG_COMPILER_APPICON_NAME = AppIcon;
				ASSETCATALOG_COMPILER_GLOBAL_ACCENT_COLOR_NAME = AccentColor;
				CODE_SIGN_STYLE = Automatic;
				CURRENT_PROJECT_VERSION = 1;
				DEVELOPMENT_TEAM = 595J8NPCXU;
				GENERATE_INFOPLIST_FILE = YES;
				INFOPLIST_FILE = SimpleMVVM/Info.plist;
				INFOPLIST_KEY_UIApplicationSupportsIndirectInputEvents = YES;
				INFOPLIST_KEY_UILaunchStoryboardName = LaunchScreen;
				INFOPLIST_KEY_UISupportedInterfaceOrientations_iPad = "UIInterfaceOrientationPortrait UIInterfaceOrientationPortraitUpsideDown UIInterfaceOrientationLandscapeLeft UIInterfaceOrientationLandscapeRight";
				INFOPLIST_KEY_UISupportedInterfaceOrientations_iPhone = "UIInterfaceOrientationPortrait UIInterfaceOrientationLandscapeLeft UIInterfaceOrientationLandscapeRight";
				LD_RUNPATH_SEARCH_PATHS = (
					"$(inherited)",
					"@executable_path/Frameworks",
				);
				MARKETING_VERSION = 1.0;
				PRODUCT_BUNDLE_IDENTIFIER = "my.test-comp.com.SimpleMVVM";
				PRODUCT_NAME = "$(TARGET_NAME)";
				SWIFT_EMIT_LOC_STRINGS = YES;
				SWIFT_VERSION = 5.0;
				TARGETED_DEVICE_FAMILY = "1,2";
			};
			name = Debug;
		};
		A23D827627B4FEE200CA12C9 /* Release */ = {
			isa = XCBuildConfiguration;
			buildSettings = {
				ASSETCATALOG_COMPILER_APPICON_NAME = AppIcon;
				ASSETCATALOG_COMPILER_GLOBAL_ACCENT_COLOR_NAME = AccentColor;
				CODE_SIGN_STYLE = Automatic;
				CURRENT_PROJECT_VERSION = 1;
				DEVELOPMENT_TEAM = 595J8NPCXU;
				GENERATE_INFOPLIST_FILE = YES;
				INFOPLIST_FILE = SimpleMVVM/Info.plist;
				INFOPLIST_KEY_UIApplicationSupportsIndirectInputEvents = YES;
				INFOPLIST_KEY_UILaunchStoryboardName = LaunchScreen;
				INFOPLIST_KEY_UISupportedInterfaceOrientations_iPad = "UIInterfaceOrientationPortrait UIInterfaceOrientationPortraitUpsideDown UIInterfaceOrientationLandscapeLeft UIInterfaceOrientationLandscapeRight";
				INFOPLIST_KEY_UISupportedInterfaceOrientations_iPhone = "UIInterfaceOrientationPortrait UIInterfaceOrientationLandscapeLeft UIInterfaceOrientationLandscapeRight";
				LD_RUNPATH_SEARCH_PATHS = (
					"$(inherited)",
					"@executable_path/Frameworks",
				);
				MARKETING_VERSION = 1.0;
				PRODUCT_BUNDLE_IDENTIFIER = "my.test-comp.com.SimpleMVVM";
				PRODUCT_NAME = "$(TARGET_NAME)";
				SWIFT_EMIT_LOC_STRINGS = YES;
				SWIFT_VERSION = 5.0;
				TARGETED_DEVICE_FAMILY = "1,2";
			};
			name = Release;
		};
/* End XCBuildConfiguration section */

/* Begin XCConfigurationList section */
		A23D825B27B4FEDF00CA12C9 /* Build configuration list for PBXProject "SimpleMVVM" */ = {
			isa = XCConfigurationList;
			buildConfigurations = (
				A23D827227B4FEE200CA12C9 /* Debug */,
				A23D827327B4FEE200CA12C9 /* Release */,
			);
			defaultConfigurationIsVisible = 0;
			defaultConfigurationName = Release;
		};
		A23D827427B4FEE200CA12C9 /* Build configuration list for PBXNativeTarget "SimpleMVVM" */ = {
			isa = XCConfigurationList;
			buildConfigurations = (
				A23D827527B4FEE200CA12C9 /* Debug */,
				A23D827627B4FEE200CA12C9 /* Release */,
			);
			defaultConfigurationIsVisible = 0;
			defaultConfigurationName = Release;
		};
/* End XCConfigurationList section */

/* Begin XCRemoteSwiftPackageReference section */
		A22F44D627B5928600A59974 /* XCRemoteSwiftPackageReference "SnapKit" */ = {
			isa = XCRemoteSwiftPackageReference;
			repositoryURL = "https://github.com/SnapKit/SnapKit.git";
			requirement = {
				kind = upToNextMajorVersion;
				minimumVersion = 5.0.0;
			};
		};
/* End XCRemoteSwiftPackageReference section */

/* Begin XCSwiftPackageProductDependency section */
		A22F44D727B5928600A59974 /* SnapKit */ = {
			isa = XCSwiftPackageProductDependency;
			package = A22F44D627B5928600A59974 /* XCRemoteSwiftPackageReference "SnapKit" */;
			productName = SnapKit;
		};
/* End XCSwiftPackageProductDependency section */
	};
	rootObject = A23D825827B4FEDF00CA12C9 /* Project object */;
}
